// !$*UTF8*$!
{
	archiveVersion = 1;
	classes = {
	};
	objectVersion = 46;
	objects = {

/* Begin PBXBuildFile section */
		694FED691CDB35B900981458 /* ToolClass.h in Headers */ = {isa = PBXBuildFile; fileRef = 694FED591CDB35B900981458 /* ToolClass.h */; };
		694FED6A1CDB35B900981458 /* ToolClass.m in Sources */ = {isa = PBXBuildFile; fileRef = 694FED5A1CDB35B900981458 /* ToolClass.m */; };
		694FED6B1CDB35B900981458 /* UIButton+NMCategory.h in Headers */ = {isa = PBXBuildFile; fileRef = 694FED5B1CDB35B900981458 /* UIButton+NMCategory.h */; };
		694FED6C1CDB35B900981458 /* UIButton+NMCategory.m in Sources */ = {isa = PBXBuildFile; fileRef = 694FED5C1CDB35B900981458 /* UIButton+NMCategory.m */; };
		694FED6D1CDB35B900981458 /* UIView+ExFrame.h in Headers */ = {isa = PBXBuildFile; fileRef = 694FED5D1CDB35B900981458 /* UIView+ExFrame.h */; };
		694FED6E1CDB35B900981458 /* UIView+ExFrame.m in Sources */ = {isa = PBXBuildFile; fileRef = 694FED5E1CDB35B900981458 /* UIView+ExFrame.m */; };
		694FED6F1CDB35B900981458 /* UIViewExt.h in Headers */ = {isa = PBXBuildFile; fileRef = 694FED5F1CDB35B900981458 /* UIViewExt.h */; };
		694FED701CDB35B900981458 /* UIViewExt.m in Sources */ = {isa = PBXBuildFile; fileRef = 694FED601CDB35B900981458 /* UIViewExt.m */; };
		694FED731CDB35B900981458 /* GameWin.h in Headers */ = {isa = PBXBuildFile; fileRef = 694FED641CDB35B900981458 /* GameWin.h */; };
		694FED741CDB35B900981458 /* GameWin.m in Sources */ = {isa = PBXBuildFile; fileRef = 694FED651CDB35B900981458 /* GameWin.m */; };
		694FED751CDB35B900981458 /* LogView.h in Headers */ = {isa = PBXBuildFile; fileRef = 694FED661CDB35B900981458 /* LogView.h */; };
		694FED761CDB35B900981458 /* LogView.m in Sources */ = {isa = PBXBuildFile; fileRef = 694FED671CDB35B900981458 /* LogView.m */; };
		694FED771CDB35B900981458 /* WXMarco.h in Headers */ = {isa = PBXBuildFile; fileRef = 694FED681CDB35B900981458 /* WXMarco.h */; };
		694FED791CDB363500981458 /* UIKit.framework in Frameworks */ = {isa = PBXBuildFile; fileRef = 694FED781CDB363500981458 /* UIKit.framework */; };
		694FED7B1CDB364900981458 /* CoreGraphics.framework in Frameworks */ = {isa = PBXBuildFile; fileRef = 694FED7A1CDB364900981458 /* CoreGraphics.framework */; };
		6979EFE31CE9C75700C39CBD /* Data.h in Headers */ = {isa = PBXBuildFile; fileRef = 6979EFE11CE9C75700C39CBD /* Data.h */; };
		6979EFE41CE9C75700C39CBD /* Data.m in Sources */ = {isa = PBXBuildFile; fileRef = 6979EFE21CE9C75700C39CBD /* Data.m */; };
		699E13C71CF443330023A50B /* Header.h in Headers */ = {isa = PBXBuildFile; fileRef = 699E13C61CF443330023A50B /* Header.h */; };
		69D3799F1CE5D6ED00887EF6 /* ShowWindow.h in Headers */ = {isa = PBXBuildFile; fileRef = 69D3799D1CE5D6ED00887EF6 /* ShowWindow.h */; };
		69D379A01CE5D6ED00887EF6 /* ShowWindow.m in Sources */ = {isa = PBXBuildFile; fileRef = 69D3799E1CE5D6ED00887EF6 /* ShowWindow.m */; };
		69D379A31CE5D9CC00887EF6 /* IPTableViewController.h in Headers */ = {isa = PBXBuildFile; fileRef = 69D379A11CE5D9CC00887EF6 /* IPTableViewController.h */; };
		69D379A41CE5D9CC00887EF6 /* IPTableViewController.m in Sources */ = {isa = PBXBuildFile; fileRef = 69D379A21CE5D9CC00887EF6 /* IPTableViewController.m */; };
		A19C136B1CDC93CF00B6792D /* HookTool.h in Headers */ = {isa = PBXBuildFile; fileRef = A19C13691CDC93CF00B6792D /* HookTool.h */; };
		A19C136C1CDC93CF00B6792D /* HookTool.m in Sources */ = {isa = PBXBuildFile; fileRef = A19C136A1CDC93CF00B6792D /* HookTool.m */; };
		BF4EBF1C1B9ABF3500EE2E3F /* Foundation.framework in Frameworks */ = {isa = PBXBuildFile; fileRef = BF4EBF1B1B9ABF3500EE2E3F /* Foundation.framework */; };
		BF4EBF321B9ABF8A00EE2E3F /* libsubstrate.dylib in Frameworks */ = {isa = PBXBuildFile; fileRef = BF4EBF311B9ABF8A00EE2E3F /* libsubstrate.dylib */; };
		BF4EBF351B9AC01A00EE2E3F /* TheMain.h in Headers */ = {isa = PBXBuildFile; fileRef = BF4EBF331B9AC01A00EE2E3F /* TheMain.h */; };
		BF4EBF361B9AC01A00EE2E3F /* TheMain.m in Sources */ = {isa = PBXBuildFile; fileRef = BF4EBF341B9AC01A00EE2E3F /* TheMain.m */; };
		BFDB05651BA27A630078C82F /* fishhook.c in Sources */ = {isa = PBXBuildFile; fileRef = BFDB05631BA27A630078C82F /* fishhook.c */; };
		BFDB05661BA27A630078C82F /* fishhook.h in Headers */ = {isa = PBXBuildFile; fileRef = BFDB05641BA27A630078C82F /* fishhook.h */; };
		BFDB05681BA2C8CD0078C82F /* libSystem.B.dylib in Frameworks */ = {isa = PBXBuildFile; fileRef = BFDB05671BA2C8CD0078C82F /* libSystem.B.dylib */; };
		BFDB056A1BA3C2210078C82F /* CFNetwork.framework in Frameworks */ = {isa = PBXBuildFile; fileRef = BFDB05691BA3C2210078C82F /* CFNetwork.framework */; };
		BFDB056C1BA3C2370078C82F /* SystemConfiguration.framework in Frameworks */ = {isa = PBXBuildFile; fileRef = BFDB056B1BA3C2370078C82F /* SystemConfiguration.framework */; };
/* End PBXBuildFile section */

/* Begin PBXFileReference section */
		694FED591CDB35B900981458 /* ToolClass.h */ = {isa = PBXFileReference; fileEncoding = 4; lastKnownFileType = sourcecode.c.h; path = ToolClass.h; sourceTree = "<group>"; };
		694FED5A1CDB35B900981458 /* ToolClass.m */ = {isa = PBXFileReference; fileEncoding = 4; lastKnownFileType = sourcecode.c.objc; path = ToolClass.m; sourceTree = "<group>"; };
		694FED5B1CDB35B900981458 /* UIButton+NMCategory.h */ = {isa = PBXFileReference; fileEncoding = 4; lastKnownFileType = sourcecode.c.h; path = "UIButton+NMCategory.h"; sourceTree = "<group>"; };
		694FED5C1CDB35B900981458 /* UIButton+NMCategory.m */ = {isa = PBXFileReference; fileEncoding = 4; lastKnownFileType = sourcecode.c.objc; path = "UIButton+NMCategory.m"; sourceTree = "<group>"; };
		694FED5D1CDB35B900981458 /* UIView+ExFrame.h */ = {isa = PBXFileReference; fileEncoding = 4; lastKnownFileType = sourcecode.c.h; path = "UIView+ExFrame.h"; sourceTree = "<group>"; };
		694FED5E1CDB35B900981458 /* UIView+ExFrame.m */ = {isa = PBXFileReference; fileEncoding = 4; lastKnownFileType = sourcecode.c.objc; path = "UIView+ExFrame.m"; sourceTree = "<group>"; };
		694FED5F1CDB35B900981458 /* UIViewExt.h */ = {isa = PBXFileReference; fileEncoding = 4; lastKnownFileType = sourcecode.c.h; path = UIViewExt.h; sourceTree = "<group>"; };
		694FED601CDB35B900981458 /* UIViewExt.m */ = {isa = PBXFileReference; fileEncoding = 4; lastKnownFileType = sourcecode.c.objc; path = UIViewExt.m; sourceTree = "<group>"; };
		694FED641CDB35B900981458 /* GameWin.h */ = {isa = PBXFileReference; fileEncoding = 4; lastKnownFileType = sourcecode.c.h; path = GameWin.h; sourceTree = "<group>"; };
		694FED651CDB35B900981458 /* GameWin.m */ = {isa = PBXFileReference; fileEncoding = 4; lastKnownFileType = sourcecode.c.objc; path = GameWin.m; sourceTree = "<group>"; };
		694FED661CDB35B900981458 /* LogView.h */ = {isa = PBXFileReference; fileEncoding = 4; lastKnownFileType = sourcecode.c.h; path = LogView.h; sourceTree = "<group>"; };
		694FED671CDB35B900981458 /* LogView.m */ = {isa = PBXFileReference; fileEncoding = 4; lastKnownFileType = sourcecode.c.objc; path = LogView.m; sourceTree = "<group>"; };
		694FED681CDB35B900981458 /* WXMarco.h */ = {isa = PBXFileReference; fileEncoding = 4; lastKnownFileType = sourcecode.c.h; path = WXMarco.h; sourceTree = "<group>"; };
		694FED781CDB363500981458 /* UIKit.framework */ = {isa = PBXFileReference; lastKnownFileType = wrapper.framework; name = UIKit.framework; path = System/Library/Frameworks/UIKit.framework; sourceTree = SDKROOT; };
		694FED7A1CDB364900981458 /* CoreGraphics.framework */ = {isa = PBXFileReference; lastKnownFileType = wrapper.framework; name = CoreGraphics.framework; path = System/Library/Frameworks/CoreGraphics.framework; sourceTree = SDKROOT; };
		6979EFE11CE9C75700C39CBD /* Data.h */ = {isa = PBXFileReference; fileEncoding = 4; lastKnownFileType = sourcecode.c.h; path = Data.h; sourceTree = "<group>"; };
		6979EFE21CE9C75700C39CBD /* Data.m */ = {isa = PBXFileReference; fileEncoding = 4; lastKnownFileType = sourcecode.c.objc; path = Data.m; sourceTree = "<group>"; };
		699E13C61CF443330023A50B /* Header.h */ = {isa = PBXFileReference; fileEncoding = 4; lastKnownFileType = sourcecode.c.h; path = Header.h; sourceTree = "<group>"; };
		69D3799D1CE5D6ED00887EF6 /* ShowWindow.h */ = {isa = PBXFileReference; fileEncoding = 4; lastKnownFileType = sourcecode.c.h; path = ShowWindow.h; sourceTree = "<group>"; };
		69D3799E1CE5D6ED00887EF6 /* ShowWindow.m */ = {isa = PBXFileReference; fileEncoding = 4; lastKnownFileType = sourcecode.c.objc; path = ShowWindow.m; sourceTree = "<group>"; };
		69D379A11CE5D9CC00887EF6 /* IPTableViewController.h */ = {isa = PBXFileReference; fileEncoding = 4; lastKnownFileType = sourcecode.c.h; path = IPTableViewController.h; sourceTree = "<group>"; };
		69D379A21CE5D9CC00887EF6 /* IPTableViewController.m */ = {isa = PBXFileReference; fileEncoding = 4; lastKnownFileType = sourcecode.c.objc; path = IPTableViewController.m; sourceTree = "<group>"; };
		A19C13691CDC93CF00B6792D /* HookTool.h */ = {isa = PBXFileReference; fileEncoding = 4; lastKnownFileType = sourcecode.c.h; path = HookTool.h; sourceTree = "<group>"; };
		A19C136A1CDC93CF00B6792D /* HookTool.m */ = {isa = PBXFileReference; fileEncoding = 4; lastKnownFileType = sourcecode.c.objc; path = HookTool.m; sourceTree = "<group>"; };
		BF4EBF181B9ABF3500EE2E3F /* SockBlock.dylib */ = {isa = PBXFileReference; explicitFileType = "compiled.mach-o.dylib"; includeInIndex = 0; path = SockBlock.dylib; sourceTree = BUILT_PRODUCTS_DIR; };
		BF4EBF1B1B9ABF3500EE2E3F /* Foundation.framework */ = {isa = PBXFileReference; lastKnownFileType = wrapper.framework; name = Foundation.framework; path = System/Library/Frameworks/Foundation.framework; sourceTree = SDKROOT; };
		BF4EBF201B9ABF3500EE2E3F /* control.txt */ = {isa = PBXFileReference; lastKnownFileType = text; name = control.txt; path = Package/DEBIAN/control.txt; sourceTree = "<group>"; };
		BF4EBF211B9ABF3500EE2E3F /* control */ = {isa = PBXFileReference; lastKnownFileType = text; name = control; path = Package/DEBIAN/control; sourceTree = "<group>"; };
		BF4EBF231B9ABF3500EE2E3F /* PackageVersion.plist */ = {isa = PBXFileReference; lastKnownFileType = text.plist.xml; path = PackageVersion.plist; sourceTree = "<group>"; };
		BF4EBF241B9ABF3500EE2E3F /* SockBlock-Prefix.pch */ = {isa = PBXFileReference; lastKnownFileType = sourcecode.c.h; path = "SockBlock-Prefix.pch"; sourceTree = "<group>"; };
		BF4EBF2B1B9ABF3500EE2E3F /* SockBlock.plist */ = {isa = PBXFileReference; lastKnownFileType = text.plist.xml; name = SockBlock.plist; path = Package/Library/MobileSubstrate/DynamicLibraries/SockBlock.plist; sourceTree = "<group>"; };
		BF4EBF311B9ABF8A00EE2E3F /* libsubstrate.dylib */ = {isa = PBXFileReference; lastKnownFileType = "compiled.mach-o.dylib"; path = libsubstrate.dylib; sourceTree = "<group>"; };
		BF4EBF331B9AC01A00EE2E3F /* TheMain.h */ = {isa = PBXFileReference; fileEncoding = 4; lastKnownFileType = sourcecode.c.h; path = TheMain.h; sourceTree = "<group>"; };
		BF4EBF341B9AC01A00EE2E3F /* TheMain.m */ = {isa = PBXFileReference; fileEncoding = 4; lastKnownFileType = sourcecode.c.objc; path = TheMain.m; sourceTree = "<group>"; };
		BFDB05631BA27A630078C82F /* fishhook.c */ = {isa = PBXFileReference; fileEncoding = 4; lastKnownFileType = sourcecode.c.c; path = fishhook.c; sourceTree = "<group>"; };
		BFDB05641BA27A630078C82F /* fishhook.h */ = {isa = PBXFileReference; fileEncoding = 4; lastKnownFileType = sourcecode.c.h; path = fishhook.h; sourceTree = "<group>"; };
		BFDB05671BA2C8CD0078C82F /* libSystem.B.dylib */ = {isa = PBXFileReference; lastKnownFileType = "compiled.mach-o.dylib"; name = libSystem.B.dylib; path = usr/lib/libSystem.B.dylib; sourceTree = SDKROOT; };
		BFDB05691BA3C2210078C82F /* CFNetwork.framework */ = {isa = PBXFileReference; lastKnownFileType = wrapper.framework; name = CFNetwork.framework; path = System/Library/Frameworks/CFNetwork.framework; sourceTree = SDKROOT; };
		BFDB056B1BA3C2370078C82F /* SystemConfiguration.framework */ = {isa = PBXFileReference; lastKnownFileType = wrapper.framework; name = SystemConfiguration.framework; path = System/Library/Frameworks/SystemConfiguration.framework; sourceTree = SDKROOT; };
/* End PBXFileReference section */

/* Begin PBXFrameworksBuildPhase section */
		BF4EBF141B9ABF3500EE2E3F /* Frameworks */ = {
			isa = PBXFrameworksBuildPhase;
			buildActionMask = 2147483647;
			files = (
				694FED7B1CDB364900981458 /* CoreGraphics.framework in Frameworks */,
				694FED791CDB363500981458 /* UIKit.framework in Frameworks */,
				BFDB056C1BA3C2370078C82F /* SystemConfiguration.framework in Frameworks */,
				BFDB056A1BA3C2210078C82F /* CFNetwork.framework in Frameworks */,
				BFDB05681BA2C8CD0078C82F /* libSystem.B.dylib in Frameworks */,
				BF4EBF321B9ABF8A00EE2E3F /* libsubstrate.dylib in Frameworks */,
				BF4EBF1C1B9ABF3500EE2E3F /* Foundation.framework in Frameworks */,
			);
			runOnlyForDeploymentPostprocessing = 0;
		};
/* End PBXFrameworksBuildPhase section */

/* Begin PBXGroup section */
		694FED571CDB35B900981458 /* WindowTool */ = {
			isa = PBXGroup;
			children = (
				694FED581CDB35B900981458 /* Tool */,
				694FED611CDB35B900981458 /* View */,
				694FED681CDB35B900981458 /* WXMarco.h */,
			);
			path = WindowTool;
			sourceTree = "<group>";
		};
		694FED581CDB35B900981458 /* Tool */ = {
			isa = PBXGroup;
			children = (
				694FED591CDB35B900981458 /* ToolClass.h */,
				694FED5A1CDB35B900981458 /* ToolClass.m */,
				694FED5B1CDB35B900981458 /* UIButton+NMCategory.h */,
				694FED5C1CDB35B900981458 /* UIButton+NMCategory.m */,
				694FED5D1CDB35B900981458 /* UIView+ExFrame.h */,
				694FED5E1CDB35B900981458 /* UIView+ExFrame.m */,
				694FED5F1CDB35B900981458 /* UIViewExt.h */,
				694FED601CDB35B900981458 /* UIViewExt.m */,
			);
			path = Tool;
			sourceTree = "<group>";
		};
		694FED611CDB35B900981458 /* View */ = {
			isa = PBXGroup;
			children = (
				694FED641CDB35B900981458 /* GameWin.h */,
				694FED651CDB35B900981458 /* GameWin.m */,
				694FED661CDB35B900981458 /* LogView.h */,
				694FED671CDB35B900981458 /* LogView.m */,
			);
			path = View;
			sourceTree = "<group>";
		};
		69D3799C1CE5D6B600887EF6 /* Windows */ = {
			isa = PBXGroup;
			children = (
				69D3799D1CE5D6ED00887EF6 /* ShowWindow.h */,
				69D3799E1CE5D6ED00887EF6 /* ShowWindow.m */,
				69D379A11CE5D9CC00887EF6 /* IPTableViewController.h */,
				69D379A21CE5D9CC00887EF6 /* IPTableViewController.m */,
				6979EFE11CE9C75700C39CBD /* Data.h */,
				6979EFE21CE9C75700C39CBD /* Data.m */,
			);
			name = Windows;
			sourceTree = "<group>";
		};
		BF4EBF0D1B9ABF3500EE2E3F = {
			isa = PBXGroup;
			children = (
				BF4EBF1D1B9ABF3500EE2E3F /* SockBlock */,
				BF4EBF1A1B9ABF3500EE2E3F /* Frameworks */,
				BF4EBF191B9ABF3500EE2E3F /* Products */,
			);
			sourceTree = "<group>";
		};
		BF4EBF191B9ABF3500EE2E3F /* Products */ = {
			isa = PBXGroup;
			children = (
				BF4EBF181B9ABF3500EE2E3F /* SockBlock.dylib */,
			);
			name = Products;
			sourceTree = "<group>";
		};
		BF4EBF1A1B9ABF3500EE2E3F /* Frameworks */ = {
			isa = PBXGroup;
			children = (
				694FED7A1CDB364900981458 /* CoreGraphics.framework */,
				694FED781CDB363500981458 /* UIKit.framework */,
				BFDB056B1BA3C2370078C82F /* SystemConfiguration.framework */,
				BFDB05691BA3C2210078C82F /* CFNetwork.framework */,
				BFDB05671BA2C8CD0078C82F /* libSystem.B.dylib */,
				BF4EBF311B9ABF8A00EE2E3F /* libsubstrate.dylib */,
				BF4EBF1B1B9ABF3500EE2E3F /* Foundation.framework */,
			);
			name = Frameworks;
			sourceTree = "<group>";
		};
		BF4EBF1D1B9ABF3500EE2E3F /* SockBlock */ = {
			isa = PBXGroup;
			children = (
				BF4EBF331B9AC01A00EE2E3F /* TheMain.h */,
				BF4EBF341B9AC01A00EE2E3F /* TheMain.m */,
				A19C13691CDC93CF00B6792D /* HookTool.h */,
				A19C136A1CDC93CF00B6792D /* HookTool.m */,
				BFDB05631BA27A630078C82F /* fishhook.c */,
				BFDB05641BA27A630078C82F /* fishhook.h */,
				699E13C61CF443330023A50B /* Header.h */,
				69D3799C1CE5D6B600887EF6 /* Windows */,
				694FED571CDB35B900981458 /* WindowTool */,
				BF4EBF1E1B9ABF3500EE2E3F /* Package */,
				BF4EBF221B9ABF3500EE2E3F /* Supporting Files */,
			);
			path = SockBlock;
			sourceTree = "<group>";
		};
		BF4EBF1E1B9ABF3500EE2E3F /* Package */ = {
			isa = PBXGroup;
			children = (
				BF4EBF1F1B9ABF3500EE2E3F /* DEBIAN */,
				BF4EBF281B9ABF3500EE2E3F /* Library */,
			);
			name = Package;
			sourceTree = "<group>";
		};
		BF4EBF1F1B9ABF3500EE2E3F /* DEBIAN */ = {
			isa = PBXGroup;
			children = (
				BF4EBF201B9ABF3500EE2E3F /* control.txt */,
				BF4EBF211B9ABF3500EE2E3F /* control */,
			);
			name = DEBIAN;
			sourceTree = "<group>";
		};
		BF4EBF221B9ABF3500EE2E3F /* Supporting Files */ = {
			isa = PBXGroup;
			children = (
				BF4EBF231B9ABF3500EE2E3F /* PackageVersion.plist */,
				BF4EBF241B9ABF3500EE2E3F /* SockBlock-Prefix.pch */,
			);
			name = "Supporting Files";
			sourceTree = "<group>";
		};
		BF4EBF281B9ABF3500EE2E3F /* Library */ = {
			isa = PBXGroup;
			children = (
				BF4EBF291B9ABF3500EE2E3F /* MobileSubstrate */,
			);
			name = Library;
			sourceTree = "<group>";
		};
		BF4EBF291B9ABF3500EE2E3F /* MobileSubstrate */ = {
			isa = PBXGroup;
			children = (
				BF4EBF2A1B9ABF3500EE2E3F /* DynamicLibraries */,
			);
			name = MobileSubstrate;
			sourceTree = "<group>";
		};
		BF4EBF2A1B9ABF3500EE2E3F /* DynamicLibraries */ = {
			isa = PBXGroup;
			children = (
				BF4EBF2B1B9ABF3500EE2E3F /* SockBlock.plist */,
			);
			name = DynamicLibraries;
			sourceTree = "<group>";
		};
/* End PBXGroup section */

/* Begin PBXHeadersBuildPhase section */
		BF4EBF151B9ABF3500EE2E3F /* Headers */ = {
			isa = PBXHeadersBuildPhase;
			buildActionMask = 2147483647;
			files = (
				6979EFE31CE9C75700C39CBD /* Data.h in Headers */,
				694FED771CDB35B900981458 /* WXMarco.h in Headers */,
				69D379A31CE5D9CC00887EF6 /* IPTableViewController.h in Headers */,
				BF4EBF351B9AC01A00EE2E3F /* TheMain.h in Headers */,
				694FED6F1CDB35B900981458 /* UIViewExt.h in Headers */,
				699E13C71CF443330023A50B /* Header.h in Headers */,
				694FED751CDB35B900981458 /* LogView.h in Headers */,
				694FED6B1CDB35B900981458 /* UIButton+NMCategory.h in Headers */,
				694FED691CDB35B900981458 /* ToolClass.h in Headers */,
				694FED6D1CDB35B900981458 /* UIView+ExFrame.h in Headers */,
				A19C136B1CDC93CF00B6792D /* HookTool.h in Headers */,
				BFDB05661BA27A630078C82F /* fishhook.h in Headers */,
				69D3799F1CE5D6ED00887EF6 /* ShowWindow.h in Headers */,
				694FED731CDB35B900981458 /* GameWin.h in Headers */,
			);
			runOnlyForDeploymentPostprocessing = 0;
		};
/* End PBXHeadersBuildPhase section */

/* Begin PBXNativeTarget section */
		BF4EBF171B9ABF3500EE2E3F /* SockBlock */ = {
			isa = PBXNativeTarget;
			buildConfigurationList = BF4EBF2E1B9ABF3500EE2E3F /* Build configuration list for PBXNativeTarget "SockBlock" */;
			buildPhases = (
				BF4EBF121B9ABF3500EE2E3F /* ShellScript */,
				BF4EBF131B9ABF3500EE2E3F /* Sources */,
				BF4EBF141B9ABF3500EE2E3F /* Frameworks */,
				BF4EBF151B9ABF3500EE2E3F /* Headers */,
				BF4EBF161B9ABF3500EE2E3F /* ShellScript */,
			);
			buildRules = (
			);
			dependencies = (
			);
			name = SockBlock;
			productName = SockBlock;
			productReference = BF4EBF181B9ABF3500EE2E3F /* SockBlock.dylib */;
			productType = "com.apple.product-type.library.dynamic";
		};
/* End PBXNativeTarget section */

/* Begin PBXProject section */
		BF4EBF0E1B9ABF3500EE2E3F /* Project object */ = {
			isa = PBXProject;
			attributes = {
				LastUpgradeCheck = 0630;
				TargetAttributes = {
					BF4EBF171B9ABF3500EE2E3F = {
						CreatedOnToolsVersion = 6.3.1;
					};
				};
			};
			buildConfigurationList = BF4EBF111B9ABF3500EE2E3F /* Build configuration list for PBXProject "SockBlock" */;
			compatibilityVersion = "Xcode 3.2";
			developmentRegion = English;
			hasScannedForEncodings = 0;
			knownRegions = (
				en,
			);
			mainGroup = BF4EBF0D1B9ABF3500EE2E3F;
			productRefGroup = BF4EBF191B9ABF3500EE2E3F /* Products */;
			projectDirPath = "";
			projectRoot = "";
			targets = (
				BF4EBF171B9ABF3500EE2E3F /* SockBlock */,
			);
		};
/* End PBXProject section */

/* Begin PBXShellScriptBuildPhase section */
		BF4EBF121B9ABF3500EE2E3F /* ShellScript */ = {
			isa = PBXShellScriptBuildPhase;
			buildActionMask = 2147483647;
			files = (
			);
			inputPaths = (
			);
			outputPaths = (
			);
			runOnlyForDeploymentPostprocessing = 0;
			shellPath = /bin/sh;
			shellScript = "/opt/iOSOpenDev/bin/iosod --xcbp-logos";
		};
		BF4EBF161B9ABF3500EE2E3F /* ShellScript */ = {
			isa = PBXShellScriptBuildPhase;
			buildActionMask = 2147483647;
			files = (
			);
			inputPaths = (
			);
			outputPaths = (
			);
			runOnlyForDeploymentPostprocessing = 0;
			shellPath = /bin/sh;
			shellScript = "/opt/iOSOpenDev/bin/iosod --xcbp";
		};
/* End PBXShellScriptBuildPhase section */

/* Begin PBXSourcesBuildPhase section */
		BF4EBF131B9ABF3500EE2E3F /* Sources */ = {
			isa = PBXSourcesBuildPhase;
			buildActionMask = 2147483647;
			files = (
				694FED701CDB35B900981458 /* UIViewExt.m in Sources */,
				69D379A01CE5D6ED00887EF6 /* ShowWindow.m in Sources */,
				694FED761CDB35B900981458 /* LogView.m in Sources */,
				A19C136C1CDC93CF00B6792D /* HookTool.m in Sources */,
				BF4EBF361B9AC01A00EE2E3F /* TheMain.m in Sources */,
				BFDB05651BA27A630078C82F /* fishhook.c in Sources */,
				694FED6A1CDB35B900981458 /* ToolClass.m in Sources */,
				694FED6C1CDB35B900981458 /* UIButton+NMCategory.m in Sources */,
				694FED6E1CDB35B900981458 /* UIView+ExFrame.m in Sources */,
				69D379A41CE5D9CC00887EF6 /* IPTableViewController.m in Sources */,
				694FED741CDB35B900981458 /* GameWin.m in Sources */,
				6979EFE41CE9C75700C39CBD /* Data.m in Sources */,
			);
			runOnlyForDeploymentPostprocessing = 0;
		};
/* End PBXSourcesBuildPhase section */

/* Begin XCBuildConfiguration section */
		BF4EBF2C1B9ABF3500EE2E3F /* Debug */ = {
			isa = XCBuildConfiguration;
			buildSettings = {
				COPY_PHASE_STRIP = NO;
				EXCLUDED_RECURSIVE_SEARCH_PATH_SUBDIRECTORIES = "*.nib *.lproj *.gch (*) .DS_Store CVS .svn .git .hg *.xcodeproj *.xcode *.pbproj *.pbxproj";
				FRAMEWORK_SEARCH_PATHS = (
					"$(iOSOpenDevPath)/frameworks/**",
					"$(SDKROOT)/System/Library/PrivateFrameworks",
				);
				GCC_C_LANGUAGE_STANDARD = gnu99;
				GCC_DYNAMIC_NO_PIC = NO;
				GCC_OPTIMIZATION_LEVEL = 0;
				GCC_PREPROCESSOR_DEFINITIONS = (
					"DEBUG=1",
					"$(inherited)",
				);
				GCC_SYMBOLS_PRIVATE_EXTERN = NO;
				GCC_WARN_ABOUT_MISSING_PROTOTYPES = YES;
				GCC_WARN_ABOUT_RETURN_TYPE = YES;
				GCC_WARN_UNUSED_VARIABLE = YES;
				HEADER_SEARCH_PATHS = "$(iOSOpenDevPath)/include/**";
				IPHONEOS_DEPLOYMENT_TARGET = 8.3;
				LIBRARY_SEARCH_PATHS = "$(iOSOpenDevPath)/lib/**";
				PROVISIONING_PROFILE = "9093cd73-2f5c-4059-8910-9c18bc2fac60";
				SDKROOT = iphoneos;
				TARGETED_DEVICE_FAMILY = "1,2";
				VALIDATE_PRODUCT = NO;
				iOSOpenDevPath = /opt/iOSOpenDev;
			};
			name = Debug;
		};
		BF4EBF2D1B9ABF3500EE2E3F /* Release */ = {
			isa = XCBuildConfiguration;
			buildSettings = {
				COPY_PHASE_STRIP = YES;
				EXCLUDED_RECURSIVE_SEARCH_PATH_SUBDIRECTORIES = "*.nib *.lproj *.gch (*) .DS_Store CVS .svn .git .hg *.xcodeproj *.xcode *.pbproj *.pbxproj";
				FRAMEWORK_SEARCH_PATHS = (
					"$(iOSOpenDevPath)/frameworks/**",
					"$(SDKROOT)/System/Library/PrivateFrameworks",
				);
				GCC_C_LANGUAGE_STANDARD = gnu99;
				GCC_WARN_ABOUT_MISSING_PROTOTYPES = YES;
				GCC_WARN_ABOUT_RETURN_TYPE = YES;
				GCC_WARN_UNUSED_VARIABLE = YES;
				HEADER_SEARCH_PATHS = "$(iOSOpenDevPath)/include/**";
				IPHONEOS_DEPLOYMENT_TARGET = 8.3;
				LIBRARY_SEARCH_PATHS = "$(iOSOpenDevPath)/lib/**";
				PROVISIONING_PROFILE = "9093cd73-2f5c-4059-8910-9c18bc2fac60";
				SDKROOT = iphoneos;
				TARGETED_DEVICE_FAMILY = "1,2";
				VALIDATE_PRODUCT = YES;
				iOSOpenDevPath = /opt/iOSOpenDev;
			};
			name = Release;
		};
		BF4EBF2F1B9ABF3500EE2E3F /* Debug */ = {
			isa = XCBuildConfiguration;
			buildSettings = {
				CLANG_ENABLE_OBJC_ARC = YES;
				CODE_SIGN_IDENTITY = "";
				DYLIB_COMPATIBILITY_VERSION = 1;
				DYLIB_CURRENT_VERSION = 1;
				ENABLE_BITCODE = NO;
				GCC_PRECOMPILE_PREFIX_HEADER = YES;
				GCC_PREFIX_HEADER = "SockBlock/SockBlock-Prefix.pch";
				INSTALL_PATH = /Library/MobileSubstrate/DynamicLibraries;
				IPHONEOS_DEPLOYMENT_TARGET = 7.0;
				LIBRARY_SEARCH_PATHS = (
					"$(inherited)",
					"$(PROJECT_DIR)",
				);
				PRODUCT_NAME = "$(TARGET_NAME)";
				PROVISIONING_PROFILE = "569483e4-5c5f-4568-af75-05dd82139f88";
				iOSOpenDevBuildPackageOnAnyBuild = NO;
				iOSOpenDevCopyOnBuild = NO;
				iOSOpenDevDevice = 10.10.10.29;
				iOSOpenDevInstallOnAnyBuild = NO;
				iOSOpenDevInstallOnProfiling = YES;
				iOSOpenDevRespringOnInstall = YES;
				iOSOpenDevUsePackageVersionPList = YES;
			};
			name = Debug;
		};
		BF4EBF301B9ABF3500EE2E3F /* Release */ = {
			isa = XCBuildConfiguration;
			buildSettings = {
				CLANG_ENABLE_OBJC_ARC = YES;
				CODE_SIGN_IDENTITY = "";
				DYLIB_COMPATIBILITY_VERSION = 1;
				DYLIB_CURRENT_VERSION = 1;
				ENABLE_BITCODE = NO;
				GCC_PRECOMPILE_PREFIX_HEADER = YES;
				GCC_PREFIX_HEADER = "SockBlock/SockBlock-Prefix.pch";
				INSTALL_PATH = /Library/MobileSubstrate/DynamicLibraries;
				IPHONEOS_DEPLOYMENT_TARGET = 7.0;
				LIBRARY_SEARCH_PATHS = (
					"$(inherited)",
					"$(PROJECT_DIR)",
				);
				PRODUCT_NAME = "$(TARGET_NAME)";
				PROVISIONING_PROFILE = "569483e4-5c5f-4568-af75-05dd82139f88";
				iOSOpenDevBuildPackageOnAnyBuild = NO;
				iOSOpenDevCopyOnBuild = NO;
				iOSOpenDevDevice = 10.10.10.29;
				iOSOpenDevInstallOnAnyBuild = NO;
				iOSOpenDevInstallOnProfiling = YES;
				iOSOpenDevRespringOnInstall = YES;
				iOSOpenDevUsePackageVersionPList = YES;
			};
			name = Release;
		};
/* End XCBuildConfiguration section */

/* Begin XCConfigurationList section */
		BF4EBF111B9ABF3500EE2E3F /* Build configuration list for PBXProject "SockBlock" */ = {
			isa = XCConfigurationList;
			buildConfigurations = (
				BF4EBF2C1B9ABF3500EE2E3F /* Debug */,
				BF4EBF2D1B9ABF3500EE2E3F /* Release */,
			);
			defaultConfigurationIsVisible = 0;
			defaultConfigurationName = Release;
		};
		BF4EBF2E1B9ABF3500EE2E3F /* Build configuration list for PBXNativeTarget "SockBlock" */ = {
			isa = XCConfigurationList;
			buildConfigurations = (
				BF4EBF2F1B9ABF3500EE2E3F /* Debug */,
				BF4EBF301B9ABF3500EE2E3F /* Release */,
			);
			defaultConfigurationIsVisible = 0;
			defaultConfigurationName = Release;
		};
/* End XCConfigurationList section */
	};
	rootObject = BF4EBF0E1B9ABF3500EE2E3F /* Project object */;
}
