// !$*UTF8*$!
{
	archiveVersion = 1;
	classes = {
	};
	objectVersion = 46;
	objects = {

/* Begin PBXBuildFile section */
		695972591CED6E4700AF6D2B /* Main.storyboard in Resources */ = {isa = PBXBuildFile; fileRef = 695972581CED6E4700AF6D2B /* Main.storyboard */; };
		6959725B1CED6E4C00AF6D2B /* LaunchScreen.storyboard in Resources */ = {isa = PBXBuildFile; fileRef = 6959725A1CED6E4C00AF6D2B /* LaunchScreen.storyboard */; };
		6959725D1CED6E5000AF6D2B /* Assets.xcassets in Resources */ = {isa = PBXBuildFile; fileRef = 6959725C1CED6E5000AF6D2B /* Assets.xcassets */; };
		6979EFF31CEAC46600C39CBD /* main.m in Sources */ = {isa = PBXBuildFile; fileRef = 6979EFF21CEAC46600C39CBD /* main.m */; };
		6979EFF61CEAC46600C39CBD /* AppDelegate.m in Sources */ = {isa = PBXBuildFile; fileRef = 6979EFF51CEAC46600C39CBD /* AppDelegate.m */; };
		6979EFF91CEAC46600C39CBD /* MasterViewController.m in Sources */ = {isa = PBXBuildFile; fileRef = 6979EFF81CEAC46600C39CBD /* MasterViewController.m */; };
		6979EFFC1CEAC46600C39CBD /* DetailViewController.m in Sources */ = {isa = PBXBuildFile; fileRef = 6979EFFB1CEAC46600C39CBD /* DetailViewController.m */; };
		6979F00E1CEAC63400C39CBD /* GetAppManager.m in Sources */ = {isa = PBXBuildFile; fileRef = 6979F00D1CEAC63400C39CBD /* GetAppManager.m */; };
/* End PBXBuildFile section */

/* Begin PBXFileReference section */
		695972551CED60A100AF6D2B /* control */ = {isa = PBXFileReference; fileEncoding = 4; lastKnownFileType = text; path = control; sourceTree = "<group>"; };
		695972581CED6E4700AF6D2B /* Main.storyboard */ = {isa = PBXFileReference; fileEncoding = 4; lastKnownFileType = file.storyboard; path = Main.storyboard; sourceTree = "<group>"; };
		6959725A1CED6E4C00AF6D2B /* LaunchScreen.storyboard */ = {isa = PBXFileReference; fileEncoding = 4; lastKnownFileType = file.storyboard; path = LaunchScreen.storyboard; sourceTree = "<group>"; };
		6959725C1CED6E5000AF6D2B /* Assets.xcassets */ = {isa = PBXFileReference; lastKnownFileType = folder.assetcatalog; path = Assets.xcassets; sourceTree = "<group>"; };
		6979EFEE1CEAC46600C39CBD /* AppControl.app */ = {isa = PBXFileReference; explicitFileType = wrapper.application; includeInIndex = 0; path = AppControl.app; sourceTree = BUILT_PRODUCTS_DIR; };
		6979EFF21CEAC46600C39CBD /* main.m */ = {isa = PBXFileReference; lastKnownFileType = sourcecode.c.objc; path = main.m; sourceTree = "<group>"; };
		6979EFF41CEAC46600C39CBD /* AppDelegate.h */ = {isa = PBXFileReference; lastKnownFileType = sourcecode.c.h; path = AppDelegate.h; sourceTree = "<group>"; };
		6979EFF51CEAC46600C39CBD /* AppDelegate.m */ = {isa = PBXFileReference; lastKnownFileType = sourcecode.c.objc; path = AppDelegate.m; sourceTree = "<group>"; };
		6979EFF71CEAC46600C39CBD /* MasterViewController.h */ = {isa = PBXFileReference; lastKnownFileType = sourcecode.c.h; path = MasterViewController.h; sourceTree = "<group>"; };
		6979EFF81CEAC46600C39CBD /* MasterViewController.m */ = {isa = PBXFileReference; lastKnownFileType = sourcecode.c.objc; path = MasterViewController.m; sourceTree = "<group>"; };
		6979EFFA1CEAC46600C39CBD /* DetailViewController.h */ = {isa = PBXFileReference; lastKnownFileType = sourcecode.c.h; path = DetailViewController.h; sourceTree = "<group>"; };
		6979EFFB1CEAC46600C39CBD /* DetailViewController.m */ = {isa = PBXFileReference; lastKnownFileType = sourcecode.c.objc; path = DetailViewController.m; sourceTree = "<group>"; };
		6979F0051CEAC46700C39CBD /* Info.plist */ = {isa = PBXFileReference; lastKnownFileType = text.plist.xml; path = Info.plist; sourceTree = "<group>"; };
		6979F00C1CEAC63400C39CBD /* GetAppManager.h */ = {isa = PBXFileReference; fileEncoding = 4; lastKnownFileType = sourcecode.c.h; path = GetAppManager.h; sourceTree = "<group>"; };
		6979F00D1CEAC63400C39CBD /* GetAppManager.m */ = {isa = PBXFileReference; fileEncoding = 4; lastKnownFileType = sourcecode.c.objc; path = GetAppManager.m; sourceTree = "<group>"; };
		6979F00F1CEAC8FC00C39CBD /* Header.h */ = {isa = PBXFileReference; fileEncoding = 4; lastKnownFileType = sourcecode.c.h; path = Header.h; sourceTree = "<group>"; };
/* End PBXFileReference section */

/* Begin PBXFrameworksBuildPhase section */
		6979EFEB1CEAC46600C39CBD /* Frameworks */ = {
			isa = PBXFrameworksBuildPhase;
			buildActionMask = 2147483647;
			files = (
			);
			runOnlyForDeploymentPostprocessing = 0;
		};
/* End PBXFrameworksBuildPhase section */

/* Begin PBXGroup section */
		695972521CED60A100AF6D2B /* Package */ = {
			isa = PBXGroup;
			children = (
				695972531CED60A100AF6D2B /* Applications */,
				695972541CED60A100AF6D2B /* DEBIAN */,
			);
			path = Package;
			sourceTree = "<group>";
		};
		695972531CED60A100AF6D2B /* Applications */ = {
			isa = PBXGroup;
			children = (
			);
			path = Applications;
			sourceTree = "<group>";
		};
		695972541CED60A100AF6D2B /* DEBIAN */ = {
			isa = PBXGroup;
			children = (
				695972551CED60A100AF6D2B /* control */,
			);
			path = DEBIAN;
			sourceTree = "<group>";
		};
		6979EFE51CEAC46600C39CBD = {
			isa = PBXGroup;
			children = (
				6979EFF01CEAC46600C39CBD /* AppControl */,
				6979EFEF1CEAC46600C39CBD /* Products */,
			);
			sourceTree = "<group>";
		};
		6979EFEF1CEAC46600C39CBD /* Products */ = {
			isa = PBXGroup;
			children = (
				6979EFEE1CEAC46600C39CBD /* AppControl.app */,
			);
			name = Products;
			sourceTree = "<group>";
		};
		6979EFF01CEAC46600C39CBD /* AppControl */ = {
			isa = PBXGroup;
			children = (
				6979EFF41CEAC46600C39CBD /* AppDelegate.h */,
				6979EFF51CEAC46600C39CBD /* AppDelegate.m */,
				6979EFF71CEAC46600C39CBD /* MasterViewController.h */,
				6979EFF81CEAC46600C39CBD /* MasterViewController.m */,
				6979EFFA1CEAC46600C39CBD /* DetailViewController.h */,
				6979EFFB1CEAC46600C39CBD /* DetailViewController.m */,
				6959725C1CED6E5000AF6D2B /* Assets.xcassets */,
				6959725A1CED6E4C00AF6D2B /* LaunchScreen.storyboard */,
				695972581CED6E4700AF6D2B /* Main.storyboard */,
				695972521CED60A100AF6D2B /* Package */,
				6979F00B1CEAC61F00C39CBD /* 工具 */,
				6979F0051CEAC46700C39CBD /* Info.plist */,
				6979EFF11CEAC46600C39CBD /* Supporting Files */,
			);
			path = AppControl;
			sourceTree = "<group>";
		};
		6979EFF11CEAC46600C39CBD /* Supporting Files */ = {
			isa = PBXGroup;
			children = (
				6979EFF21CEAC46600C39CBD /* main.m */,
			);
			name = "Supporting Files";
			sourceTree = "<group>";
		};
		6979F00B1CEAC61F00C39CBD /* 工具 */ = {
			isa = PBXGroup;
			children = (
				6979F00C1CEAC63400C39CBD /* GetAppManager.h */,
				6979F00D1CEAC63400C39CBD /* GetAppManager.m */,
				6979F00F1CEAC8FC00C39CBD /* Header.h */,
			);
			name = "工具";
			sourceTree = "<group>";
		};
/* End PBXGroup section */

/* Begin PBXNativeTarget section */
		6979EFED1CEAC46600C39CBD /* AppControl */ = {
			isa = PBXNativeTarget;
			buildConfigurationList = 6979F0081CEAC46700C39CBD /* Build configuration list for PBXNativeTarget "AppControl" */;
			buildPhases = (
				6979EFEA1CEAC46600C39CBD /* Sources */,
				6979EFEB1CEAC46600C39CBD /* Frameworks */,
				6979EFEC1CEAC46600C39CBD /* Resources */,
				695972571CED60EC00AF6D2B /* ShellScript */,
			);
			buildRules = (
			);
			dependencies = (
			);
			name = AppControl;
			productName = AppControl;
			productReference = 6979EFEE1CEAC46600C39CBD /* AppControl.app */;
			productType = "com.apple.product-type.application";
		};
/* End PBXNativeTarget section */

/* Begin PBXProject section */
		6979EFE61CEAC46600C39CBD /* Project object */ = {
			isa = PBXProject;
			attributes = {
				LastUpgradeCheck = 0730;
				ORGANIZATIONNAME = wonderland;
				TargetAttributes = {
					6979EFED1CEAC46600C39CBD = {
						CreatedOnToolsVersion = 7.3.1;
					};
				};
			};
			buildConfigurationList = 6979EFE91CEAC46600C39CBD /* Build configuration list for PBXProject "AppControl" */;
			compatibilityVersion = "Xcode 3.2";
			developmentRegion = English;
			hasScannedForEncodings = 0;
			knownRegions = (
				en,
				Base,
			);
			mainGroup = 6979EFE51CEAC46600C39CBD;
			productRefGroup = 6979EFEF1CEAC46600C39CBD /* Products */;
			projectDirPath = "";
			projectRoot = "";
			targets = (
				6979EFED1CEAC46600C39CBD /* AppControl */,
			);
		};
/* End PBXProject section */

/* Begin PBXResourcesBuildPhase section */
		6979EFEC1CEAC46600C39CBD /* Resources */ = {
			isa = PBXResourcesBuildPhase;
			buildActionMask = 2147483647;
			files = (
				695972591CED6E4700AF6D2B /* Main.storyboard in Resources */,
				6959725D1CED6E5000AF6D2B /* Assets.xcassets in Resources */,
				6959725B1CED6E4C00AF6D2B /* LaunchScreen.storyboard in Resources */,
			);
			runOnlyForDeploymentPostprocessing = 0;
		};
/* End PBXResourcesBuildPhase section */

/* Begin PBXShellScriptBuildPhase section */
		695972571CED60EC00AF6D2B /* ShellScript */ = {
			isa = PBXShellScriptBuildPhase;
			buildActionMask = 2147483647;
			files = (
			);
			inputPaths = (
			);
			outputPaths = (
			);
			runOnlyForDeploymentPostprocessing = 0;
			shellPath = /bin/sh;
			shellScript = "/opt/iOSOpenDev/bin/iosod --xcbp";
		};
/* End PBXShellScriptBuildPhase section */

/* Begin PBXSourcesBuildPhase section */
		6979EFEA1CEAC46600C39CBD /* Sources */ = {
			isa = PBXSourcesBuildPhase;
			buildActionMask = 2147483647;
			files = (
				6979EFF61CEAC46600C39CBD /* AppDelegate.m in Sources */,
				6979EFF91CEAC46600C39CBD /* MasterViewController.m in Sources */,
				6979EFF31CEAC46600C39CBD /* main.m in Sources */,
				6979EFFC1CEAC46600C39CBD /* DetailViewController.m in Sources */,
				6979F00E1CEAC63400C39CBD /* GetAppManager.m in Sources */,
			);
			runOnlyForDeploymentPostprocessing = 0;
		};
/* End PBXSourcesBuildPhase section */

/* Begin XCBuildConfiguration section */
		6979F0061CEAC46700C39CBD /* Debug */ = {
			isa = XCBuildConfiguration;
			buildSettings = {
				ALWAYS_SEARCH_USER_PATHS = NO;
				CLANG_ANALYZER_NONNULL = YES;
				CLANG_CXX_LANGUAGE_STANDARD = "gnu++0x";
				CLANG_CXX_LIBRARY = "libc++";
				CLANG_ENABLE_MODULES = YES;
				CLANG_ENABLE_OBJC_ARC = YES;
				CLANG_WARN_BOOL_CONVERSION = YES;
				CLANG_WARN_CONSTANT_CONVERSION = YES;
				CLANG_WARN_DIRECT_OBJC_ISA_USAGE = YES_ERROR;
				CLANG_WARN_EMPTY_BODY = YES;
				CLANG_WARN_ENUM_CONVERSION = YES;
				CLANG_WARN_INT_CONVERSION = YES;
				CLANG_WARN_OBJC_ROOT_CLASS = YES_ERROR;
				CLANG_WARN_UNREACHABLE_CODE = YES;
				CLANG_WARN__DUPLICATE_METHOD_MATCH = YES;
				"CODE_SIGN_IDENTITY[sdk=iphoneos*]" = "iPhone Developer";
				COPY_PHASE_STRIP = NO;
				DEBUG_INFORMATION_FORMAT = dwarf;
				ENABLE_STRICT_OBJC_MSGSEND = YES;
				ENABLE_TESTABILITY = YES;
				GCC_C_LANGUAGE_STANDARD = gnu99;
				GCC_DYNAMIC_NO_PIC = NO;
				GCC_NO_COMMON_BLOCKS = YES;
				GCC_OPTIMIZATION_LEVEL = 0;
				GCC_PREPROCESSOR_DEFINITIONS = (
					"DEBUG=1",
					"$(inherited)",
				);
				GCC_WARN_64_TO_32_BIT_CONVERSION = YES;
				GCC_WARN_ABOUT_RETURN_TYPE = YES_ERROR;
				GCC_WARN_UNDECLARED_SELECTOR = YES;
				GCC_WARN_UNINITIALIZED_AUTOS = YES_AGGRESSIVE;
				GCC_WARN_UNUSED_FUNCTION = YES;
				GCC_WARN_UNUSED_VARIABLE = YES;
				IPHONEOS_DEPLOYMENT_TARGET = 9.3;
				MTL_ENABLE_DEBUG_INFO = YES;
				ONLY_ACTIVE_ARCH = YES;
				SDKROOT = iphoneos;
			};
			name = Debug;
		};
		6979F0071CEAC46700C39CBD /* Release */ = {
			isa = XCBuildConfiguration;
			buildSettings = {
				ALWAYS_SEARCH_USER_PATHS = NO;
				CLANG_ANALYZER_NONNULL = YES;
				CLANG_CXX_LANGUAGE_STANDARD = "gnu++0x";
				CLANG_CXX_LIBRARY = "libc++";
				CLANG_ENABLE_MODULES = YES;
				CLANG_ENABLE_OBJC_ARC = YES;
				CLANG_WARN_BOOL_CONVERSION = YES;
				CLANG_WARN_CONSTANT_CONVERSION = YES;
				CLANG_WARN_DIRECT_OBJC_ISA_USAGE = YES_ERROR;
				CLANG_WARN_EMPTY_BODY = YES;
				CLANG_WARN_ENUM_CONVERSION = YES;
				CLANG_WARN_INT_CONVERSION = YES;
				CLANG_WARN_OBJC_ROOT_CLASS = YES_ERROR;
				CLANG_WARN_UNREACHABLE_CODE = YES;
				CLANG_WARN__DUPLICATE_METHOD_MATCH = YES;
				"CODE_SIGN_IDENTITY[sdk=iphoneos*]" = "iPhone Developer";
				COPY_PHASE_STRIP = NO;
				DEBUG_INFORMATION_FORMAT = "dwarf-with-dsym";
				ENABLE_NS_ASSERTIONS = NO;
				ENABLE_STRICT_OBJC_MSGSEND = YES;
				GCC_C_LANGUAGE_STANDARD = gnu99;
				GCC_NO_COMMON_BLOCKS = YES;
				GCC_WARN_64_TO_32_BIT_CONVERSION = YES;
				GCC_WARN_ABOUT_RETURN_TYPE = YES_ERROR;
				GCC_WARN_UNDECLARED_SELECTOR = YES;
				GCC_WARN_UNINITIALIZED_AUTOS = YES_AGGRESSIVE;
				GCC_WARN_UNUSED_FUNCTION = YES;
				GCC_WARN_UNUSED_VARIABLE = YES;
				IPHONEOS_DEPLOYMENT_TARGET = 9.3;
				MTL_ENABLE_DEBUG_INFO = NO;
				SDKROOT = iphoneos;
				VALIDATE_PRODUCT = YES;
			};
			name = Release;
		};
		6979F0091CEAC46700C39CBD /* Debug */ = {
			isa = XCBuildConfiguration;
			buildSettings = {
				ASSETCATALOG_COMPILER_APPICON_NAME = AppIcon;
				ASSETCATALOG_COMPILER_LAUNCHIMAGE_NAME = "Brand Assets";
				CODE_SIGN_IDENTITY = "";
				ENABLE_STRICT_OBJC_MSGSEND = NO;
				INFOPLIST_FILE = AppControl/Info.plist;
				IPHONEOS_DEPLOYMENT_TARGET = 7.0;
				LD_RUNPATH_SEARCH_PATHS = "$(inherited) @executable_path/Frameworks";
				PRODUCT_BUNDLE_IDENTIFIER = wonderland.AppControl;
				PRODUCT_NAME = "$(TARGET_NAME)";
				PROVISIONING_PROFILE = "";
				TARGETED_DEVICE_FAMILY = "1,2";
				iOSOpenDevBuildPackageOnAnyBuild = YES;
				iOSOpenDevCopyOnBuild = NO;
				iOSOpenDevDevice = 10.10.10.29;
				iOSOpenDevInstallOnAnyBuild = NO;
				iOSOpenDevInstallOnProfiling = YES;
				iOSOpenDevPath = /opt/iOSOpenDev;
				iOSOpenDevRespringOnInstall = YES;
				iOSOpenDevUsePackageVersionPList = NO;
			};
			name = Debug;
		};
		6979F00A1CEAC46700C39CBD /* Release */ = {
			isa = XCBuildConfiguration;
			buildSettings = {
				ASSETCATALOG_COMPILER_APPICON_NAME = AppIcon;
				ASSETCATALOG_COMPILER_LAUNCHIMAGE_NAME = "Brand Assets";
				CODE_SIGN_IDENTITY = "";
				ENABLE_STRICT_OBJC_MSGSEND = NO;
				INFOPLIST_FILE = AppControl/Info.plist;
				IPHONEOS_DEPLOYMENT_TARGET = 7.0;
				LD_RUNPATH_SEARCH_PATHS = "$(inherited) @executable_path/Frameworks";
				PRODUCT_BUNDLE_IDENTIFIER = wonderland.AppControl;
				PRODUCT_NAME = "$(TARGET_NAME)";
				PROVISIONING_PROFILE = "";
				TARGETED_DEVICE_FAMILY = "1,2";
				iOSOpenDevBuildPackageOnAnyBuild = YES;
				iOSOpenDevCopyOnBuild = NO;
				iOSOpenDevDevice = 10.10.10.29;
				iOSOpenDevInstallOnAnyBuild = NO;
				iOSOpenDevInstallOnProfiling = YES;
				iOSOpenDevPath = /opt/iOSOpenDev;
				iOSOpenDevRespringOnInstall = YES;
				iOSOpenDevUsePackageVersionPList = NO;
			};
			name = Release;
		};
/* End XCBuildConfiguration section */

/* Begin XCConfigurationList section */
		6979EFE91CEAC46600C39CBD /* Build configuration list for PBXProject "AppControl" */ = {
			isa = XCConfigurationList;
			buildConfigurations = (
				6979F0061CEAC46700C39CBD /* Debug */,
				6979F0071CEAC46700C39CBD /* Release */,
			);
			defaultConfigurationIsVisible = 0;
			defaultConfigurationName = Release;
		};
		6979F0081CEAC46700C39CBD /* Build configuration list for PBXNativeTarget "AppControl" */ = {
			isa = XCConfigurationList;
			buildConfigurations = (
				6979F0091CEAC46700C39CBD /* Debug */,
				6979F00A1CEAC46700C39CBD /* Release */,
			);
			defaultConfigurationIsVisible = 0;
			defaultConfigurationName = Release;
		};
/* End XCConfigurationList section */
	};
	rootObject = 6979EFE61CEAC46600C39CBD /* Project object */;
}
